// !$*UTF8*$!
{
	archiveVersion = 1;
	classes = {
	};
	objectVersion = 46;
	objects = {

/* Begin PBXBuildFile section */
		7D90746A1EA385B7009F8962 /* AppDelegate.swift in Sources */ = {isa = PBXBuildFile; fileRef = 7D9074691EA385B7009F8962 /* AppDelegate.swift */; };
		7D90746C1EA385B7009F8962 /* ViewController.swift in Sources */ = {isa = PBXBuildFile; fileRef = 7D90746B1EA385B7009F8962 /* ViewController.swift */; };
		7D90746F1EA385B7009F8962 /* Main.storyboard in Resources */ = {isa = PBXBuildFile; fileRef = 7D90746D1EA385B7009F8962 /* Main.storyboard */; };
		7D9074711EA385B7009F8962 /* Assets.xcassets in Resources */ = {isa = PBXBuildFile; fileRef = 7D9074701EA385B7009F8962 /* Assets.xcassets */; };
		7D9074741EA385B7009F8962 /* LaunchScreen.storyboard in Resources */ = {isa = PBXBuildFile; fileRef = 7D9074721EA385B7009F8962 /* LaunchScreen.storyboard */; };
/* End PBXBuildFile section */

/* Begin PBXFileReference section */
		7D9074661EA385B7009F8962 /* SwiShare.app */ = {isa = PBXFileReference; explicitFileType = wrapper.application; includeInIndex = 0; path = SwiShare.app; sourceTree = BUILT_PRODUCTS_DIR; };
		7D9074691EA385B7009F8962 /* AppDelegate.swift */ = {isa = PBXFileReference; lastKnownFileType = sourcecode.swift; path = AppDelegate.swift; sourceTree = "<group>"; };
		7D90746B1EA385B7009F8962 /* ViewController.swift */ = {isa = PBXFileReference; lastKnownFileType = sourcecode.swift; path = ViewController.swift; sourceTree = "<group>"; };
		7D90746E1EA385B7009F8962 /* Base */ = {isa = PBXFileReference; lastKnownFileType = file.storyboard; name = Base; path = Base.lproj/Main.storyboard; sourceTree = "<group>"; };
		7D9074701EA385B7009F8962 /* Assets.xcassets */ = {isa = PBXFileReference; lastKnownFileType = folder.assetcatalog; path = Assets.xcassets; sourceTree = "<group>"; };
		7D9074731EA385B7009F8962 /* Base */ = {isa = PBXFileReference; lastKnownFileType = file.storyboard; name = Base; path = Base.lproj/LaunchScreen.storyboard; sourceTree = "<group>"; };
		7D9074751EA385B7009F8962 /* Info.plist */ = {isa = PBXFileReference; lastKnownFileType = text.plist.xml; path = Info.plist; sourceTree = "<group>"; };
/* End PBXFileReference section */

/* Begin PBXFrameworksBuildPhase section */
		7D9074631EA385B7009F8962 /* Frameworks */ = {
			isa = PBXFrameworksBuildPhase;
			buildActionMask = 2147483647;
			files = (
			);
			runOnlyForDeploymentPostprocessing = 0;
		};
/* End PBXFrameworksBuildPhase section */

/* Begin PBXGroup section */
		7D90745D1EA385B7009F8962 = {
			isa = PBXGroup;
			children = (
				7D9074681EA385B7009F8962 /* SwiShare */,
				7D9074671EA385B7009F8962 /* Products */,
			);
			sourceTree = "<group>";
		};
		7D9074671EA385B7009F8962 /* Products */ = {
			isa = PBXGroup;
			children = (
				7D9074661EA385B7009F8962 /* SwiShare.app */,
			);
			name = Products;
			sourceTree = "<group>";
		};
		7D9074681EA385B7009F8962 /* SwiShare */ = {
			isa = PBXGroup;
			children = (
				7D9074691EA385B7009F8962 /* AppDelegate.swift */,
				7D90746B1EA385B7009F8962 /* ViewController.swift */,
				7D90746D1EA385B7009F8962 /* Main.storyboard */,
				7D9074701EA385B7009F8962 /* Assets.xcassets */,
				7D9074721EA385B7009F8962 /* LaunchScreen.storyboard */,
				7D9074751EA385B7009F8962 /* Info.plist */,
			);
			path = SwiShare;
			sourceTree = "<group>";
		};
/* End PBXGroup section */

/* Begin PBXNativeTarget section */
		7D9074651EA385B7009F8962 /* SwiShare */ = {
			isa = PBXNativeTarget;
			buildConfigurationList = 7D9074781EA385B7009F8962 /* Build configuration list for PBXNativeTarget "SwiShare" */;
			buildPhases = (
				7D9074621EA385B7009F8962 /* Sources */,
				7D9074631EA385B7009F8962 /* Frameworks */,
				7D9074641EA385B7009F8962 /* Resources */,
			);
			buildRules = (
			);
			dependencies = (
			);
			name = SwiShare;
			productName = SwiShare;
			productReference = 7D9074661EA385B7009F8962 /* SwiShare.app */;
			productType = "com.apple.product-type.application";
		};
/* End PBXNativeTarget section */

/* Begin PBXProject section */
		7D90745E1EA385B7009F8962 /* Project object */ = {
			isa = PBXProject;
			attributes = {
				LastSwiftUpdateCheck = 0830;
				LastUpgradeCheck = 0830;
				ORGANIZATIONNAME = "ToolAxy One S.R.L.";
				TargetAttributes = {
					7D9074651EA385B7009F8962 = {
						CreatedOnToolsVersion = 8.3.1;
						DevelopmentTeam = 8KBWGV6KLM;
						ProvisioningStyle = Automatic;
					};
				};
			};
			buildConfigurationList = 7D9074611EA385B7009F8962 /* Build configuration list for PBXProject "SwiShare" */;
			compatibilityVersion = "Xcode 3.2";
			developmentRegion = English;
			hasScannedForEncodings = 0;
			knownRegions = (
				en,
				Base,
			);
			mainGroup = 7D90745D1EA385B7009F8962;
			productRefGroup = 7D9074671EA385B7009F8962 /* Products */;
			projectDirPath = "";
			projectRoot = "";
			targets = (
				7D9074651EA385B7009F8962 /* SwiShare */,
			);
		};
/* End PBXProject section */

/* Begin PBXResourcesBuildPhase section */
		7D9074641EA385B7009F8962 /* Resources */ = {
			isa = PBXResourcesBuildPhase;
			buildActionMask = 2147483647;
			files = (
				7D9074741EA385B7009F8962 /* LaunchScreen.storyboard in Resources */,
				7D9074711EA385B7009F8962 /* Assets.xcassets in Resources */,
				7D90746F1EA385B7009F8962 /* Main.storyboard in Resources */,
			);
			runOnlyForDeploymentPostprocessing = 0;
		};
/* End PBXResourcesBuildPhase section */

/* Begin PBXSourcesBuildPhase section */
		7D9074621EA385B7009F8962 /* Sources */ = {
			isa = PBXSourcesBuildPhase;
			buildActionMask = 2147483647;
			files = (
				7D90746C1EA385B7009F8962 /* ViewController.swift in Sources */,
				7D90746A1EA385B7009F8962 /* AppDelegate.swift in Sources */,
			);
			runOnlyForDeploymentPostprocessing = 0;
		};
/* End PBXSourcesBuildPhase section */

/* Begin PBXVariantGroup section */
		7D90746D1EA385B7009F8962 /* Main.storyboard */ = {
			isa = PBXVariantGroup;
			children = (
				7D90746E1EA385B7009F8962 /* Base */,
			);
			name = Main.storyboard;
			sourceTree = "<group>";
		};
		7D9074721EA385B7009F8962 /* LaunchScreen.storyboard */ = {
			isa = PBXVariantGroup;
			children = (
				7D9074731EA385B7009F8962 /* Base */,
			);
			name = LaunchScreen.storyboard;
			sourceTree = "<group>";
		};
/* End PBXVariantGroup section */

/* Begin XCBuildConfiguration section */
		7D9074761EA385B7009F8962 /* Debug */ = {
			isa = XCBuildConfiguration;
			buildSettings = {
				ALWAYS_SEARCH_USER_PATHS = NO;
				CLANG_ANALYZER_NONNULL = YES;
				CLANG_ANALYZER_NUMBER_OBJECT_CONVERSION = YES_AGGRESSIVE;
				CLANG_CXX_LANGUAGE_STANDARD = "gnu++0x";
				CLANG_CXX_LIBRARY = "libc++";
				CLANG_ENABLE_MODULES = YES;
				CLANG_ENABLE_OBJC_ARC = YES;
				CLANG_WARN_BOOL_CONVERSION = YES;
				CLANG_WARN_CONSTANT_CONVERSION = YES;
				CLANG_WARN_DIRECT_OBJC_ISA_USAGE = YES_ERROR;
				CLANG_WARN_DOCUMENTATION_COMMENTS = YES;
				CLANG_WARN_EMPTY_BODY = YES;
				CLANG_WARN_ENUM_CONVERSION = YES;
				CLANG_WARN_INFINITE_RECURSION = YES;
				CLANG_WARN_INT_CONVERSION = YES;
				CLANG_WARN_OBJC_ROOT_CLASS = YES_ERROR;
				CLANG_WARN_SUSPICIOUS_MOVE = YES;
				CLANG_WARN_UNREACHABLE_CODE = YES;
				CLANG_WARN__DUPLICATE_METHOD_MATCH = YES;
				"CODE_SIGN_IDENTITY[sdk=iphoneos*]" = "iPhone Developer";
				COPY_PHASE_STRIP = NO;
				DEBUG_INFORMATION_FORMAT = dwarf;
				ENABLE_STRICT_OBJC_MSGSEND = YES;
				ENABLE_TESTABILITY = YES;
				GCC_C_LANGUAGE_STANDARD = gnu99;
				GCC_DYNAMIC_NO_PIC = NO;
				GCC_NO_COMMON_BLOCKS = YES;
				GCC_OPTIMIZATION_LEVEL = 0;
				GCC_PREPROCESSOR_DEFINITIONS = (
					"DEBUG=1",
					"$(inherited)",
				);
				GCC_WARN_64_TO_32_BIT_CONVERSION = YES;
				GCC_WARN_ABOUT_RETURN_TYPE = YES_ERROR;
				GCC_WARN_UNDECLARED_SELECTOR = YES;
				GCC_WARN_UNINITIALIZED_AUTOS = YES_AGGRESSIVE;
				GCC_WARN_UNUSED_FUNCTION = YES;
				GCC_WARN_UNUSED_VARIABLE = YES;
				IPHONEOS_DEPLOYMENT_TARGET = 10.3;
				MTL_ENABLE_DEBUG_INFO = YES;
				ONLY_ACTIVE_ARCH = YES;
				SDKROOT = iphoneos;
				SWIFT_ACTIVE_COMPILATION_CONDITIONS = DEBUG;
				SWIFT_OPTIMIZATION_LEVEL = "-Onone";
			};
			name = Debug;
		};
		7D9074771EA385B7009F8962 /* Release */ = {
			isa = XCBuildConfiguration;
			buildSettings = {
				ALWAYS_SEARCH_USER_PATHS = NO;
				CLANG_ANALYZER_NONNULL = YES;
				CLANG_ANALYZER_NUMBER_OBJECT_CONVERSION = YES_AGGRESSIVE;
				CLANG_CXX_LANGUAGE_STANDARD = "gnu++0x";
				CLANG_CXX_LIBRARY = "libc++";
				CLANG_ENABLE_MODULES = YES;
				CLANG_ENABLE_OBJC_ARC = YES;
				CLANG_WARN_BOOL_CONVERSION = YES;
				CLANG_WARN_CONSTANT_CONVERSION = YES;
				CLANG_WARN_DIRECT_OBJC_ISA_USAGE = YES_ERROR;
				CLANG_WARN_DOCUMENTATION_COMMENTS = YES;
				CLANG_WARN_EMPTY_BODY = YES;
				CLANG_WARN_ENUM_CONVERSION = YES;
				CLANG_WARN_INFINITE_RECURSION = YES;
				CLANG_WARN_INT_CONVERSION = YES;
				CLANG_WARN_OBJC_ROOT_CLASS = YES_ERROR;
				CLANG_WARN_SUSPICIOUS_MOVE = YES;
				CLANG_WARN_UNREACHABLE_CODE = YES;
				CLANG_WARN__DUPLICATE_METHOD_MATCH = YES;
				"CODE_SIGN_IDENTITY[sdk=iphoneos*]" = "iPhone Developer";
				COPY_PHASE_STRIP = NO;
				DEBUG_INFORMATION_FORMAT = "dwarf-with-dsym";
				ENABLE_NS_ASSERTIONS = NO;
				ENABLE_STRICT_OBJC_MSGSEND = YES;
				GCC_C_LANGUAGE_STANDARD = gnu99;
				GCC_NO_COMMON_BLOCKS = YES;
				GCC_WARN_64_TO_32_BIT_CONVERSION = YES;
				GCC_WARN_ABOUT_RETURN_TYPE = YES_ERROR;
				GCC_WARN_UNDECLARED_SELECTOR = YES;
				GCC_WARN_UNINITIALIZED_AUTOS = YES_AGGRESSIVE;
				GCC_WARN_UNUSED_FUNCTION = YES;
				GCC_WARN_UNUSED_VARIABLE = YES;
				IPHONEOS_DEPLOYMENT_TARGET = 10.3;
				MTL_ENABLE_DEBUG_INFO = NO;
				SDKROOT = iphoneos;
				SWIFT_OPTIMIZATION_LEVEL = "-Owholemodule";
				VALIDATE_PRODUCT = YES;
			};
			name = Release;
		};
		7D9074791EA385B7009F8962 /* Debug */ = {
			isa = XCBuildConfiguration;
			buildSettings = {
				ASSETCATALOG_COMPILER_APPICON_NAME = AppIcon;
				DEVELOPMENT_TEAM = 8KBWGV6KLM;
				INFOPLIST_FILE = SwiShare/Info.plist;
				LD_RUNPATH_SEARCH_PATHS = "$(inherited) @executable_path/Frameworks";
				PRODUCT_BUNDLE_IDENTIFIER = com.teamtreehouse.SwiShare;
				PRODUCT_NAME = "$(TARGET_NAME)";
				SWIFT_VERSION = 3.0;
			};
			name = Debug;
		};
		7D90747A1EA385B7009F8962 /* Release */ = {
			isa = XCBuildConfiguration;
			buildSettings = {
				ASSETCATALOG_COMPILER_APPICON_NAME = AppIcon;
				DEVELOPMENT_TEAM = 8KBWGV6KLM;
				INFOPLIST_FILE = SwiShare/Info.plist;
				LD_RUNPATH_SEARCH_PATHS = "$(inherited) @executable_path/Frameworks";
				PRODUCT_BUNDLE_IDENTIFIER = com.teamtreehouse.SwiShare;
				PRODUCT_NAME = "$(TARGET_NAME)";
				SWIFT_VERSION = 3.0;
			};
			name = Release;
		};
/* End XCBuildConfiguration section */

/* Begin XCConfigurationList section */
		7D9074611EA385B7009F8962 /* Build configuration list for PBXProject "SwiShare" */ = {
			isa = XCConfigurationList;
			buildConfigurations = (
				7D9074761EA385B7009F8962 /* Debug */,
				7D9074771EA385B7009F8962 /* Release */,
			);
			defaultConfigurationIsVisible = 0;
			defaultConfigurationName = Release;
		};
		7D9074781EA385B7009F8962 /* Build configuration list for PBXNativeTarget "SwiShare" */ = {
			isa = XCConfigurationList;
			buildConfigurations = (
				7D9074791EA385B7009F8962 /* Debug */,
				7D90747A1EA385B7009F8962 /* Release */,
			);
			defaultConfigurationIsVisible = 0;
		};
/* End XCConfigurationList section */
	};
	rootObject = 7D90745E1EA385B7009F8962 /* Project object */;
}
